
Microsoft Visual Studio Solution File, Format Version 12.00
# Visual Studio 14
VisualStudioVersion = 14.0.25420.1
MinimumVisualStudioVersion = 10.0.40219.1
Project("{FAE04EC0-301F-11D3-BF4B-00C04F79EFBC}") = "FileBrowser", "FileBrowser\FileBrowser.csproj", "{327D68E6-9548-4C90-9A8B-089A43B31FF5}"
EndProject
Global
	GlobalSection(SolutionConfigurationPlatforms) = preSolution
		Debug|Any CPU = Debug|Any CPU
		Release|Any CPU = Release|Any CPU
	EndGlobalSection
	GlobalSection(ProjectConfigurationPlatforms) = postSolution
		{327D68E6-9548-4C90-9A8B-089A43B31FF5}.Debug|Any CPU.ActiveCfg = Debug|Any CPU
		{327D68E6-9548-4C90-9A8B-089A43B31FF5}.Debug|Any CPU.Build.0 = Debug|Any CPU
		{327D68E6-9548-4C90-9A8B-089A43B31FF5}.Release|Any CPU.ActiveCfg = Release|Any CPU
		{327D68E6-9548-4C90-9A8B-089A43B31FF5}.Release|Any CPU.Build.0 = Release|Any CPU
	EndGlobalSection
	GlobalSection(SolutionProperties) = preSolution
		HideSolutionNode = FALSE
	EndGlobalSection
EndGlobal
